// !$*UTF8*$!
{
	archiveVersion = 1;
	classes = {
	};
	objectVersion = 56;
	objects = {

/* Begin PBXBuildFile section */
		491A8BC72C288FBE001F6BDE /* Book.swift in Sources */ = {isa = PBXBuildFile; fileRef = 491A8B4E2C288FBE001F6BDE /* Book.swift */; };
		491A8BC82C288FBE001F6BDE /* BookData.json in Resources */ = {isa = PBXBuildFile; fileRef = 491A8B502C288FBE001F6BDE /* BookData.json */; };
		491A8BC92C288FBE001F6BDE /* BookService.swift in Sources */ = {isa = PBXBuildFile; fileRef = 491A8B512C288FBE001F6BDE /* BookService.swift */; };
		491A8BCA2C288FBE001F6BDE /* BookBackButton.swift in Sources */ = {isa = PBXBuildFile; fileRef = 491A8B532C288FBE001F6BDE /* BookBackButton.swift */; };
		491A8BCB2C288FBE001F6BDE /* BookModel.swift in Sources */ = {isa = PBXBuildFile; fileRef = 491A8B542C288FBE001F6BDE /* BookModel.swift */; };
		491A8BCC2C288FBE001F6BDE /* BookDetailView.swift in Sources */ = {isa = PBXBuildFile; fileRef = 491A8B562C288FBE001F6BDE /* BookDetailView.swift */; };
		491A8BCD2C288FBE001F6BDE /* BookListView.swift in Sources */ = {isa = PBXBuildFile; fileRef = 491A8B572C288FBE001F6BDE /* BookListView.swift */; };
		491A8BCE2C288FBE001F6BDE /* BookPreview.swift in Sources */ = {isa = PBXBuildFile; fileRef = 491A8B582C288FBE001F6BDE /* BookPreview.swift */; };
		491A8BCF2C288FBE001F6BDE /* BookSettingView.swift in Sources */ = {isa = PBXBuildFile; fileRef = 491A8B592C288FBE001F6BDE /* BookSettingView.swift */; };
		491A8BD02C288FBE001F6BDE /* ReaderView.swift in Sources */ = {isa = PBXBuildFile; fileRef = 491A8B5A2C288FBE001F6BDE /* ReaderView.swift */; };
		491A8BD12C288FBE001F6BDE /* CarData.json in Resources */ = {isa = PBXBuildFile; fileRef = 491A8B5D2C288FBE001F6BDE /* CarData.json */; };
		491A8BD22C288FBE001F6BDE /* CarService.swift in Sources */ = {isa = PBXBuildFile; fileRef = 491A8B5E2C288FBE001F6BDE /* CarService.swift */; };
		491A8BD32C288FBE001F6BDE /* Car.swift in Sources */ = {isa = PBXBuildFile; fileRef = 491A8B602C288FBE001F6BDE /* Car.swift */; };
		491A8BD42C288FBE001F6BDE /* CarCardView.swift in Sources */ = {isa = PBXBuildFile; fileRef = 491A8B622C288FBE001F6BDE /* CarCardView.swift */; };
		491A8BD52C288FBE001F6BDE /* CarDetailsListView.swift in Sources */ = {isa = PBXBuildFile; fileRef = 491A8B632C288FBE001F6BDE /* CarDetailsListView.swift */; };
		491A8BD62C288FBE001F6BDE /* CarDetailView.swift in Sources */ = {isa = PBXBuildFile; fileRef = 491A8B642C288FBE001F6BDE /* CarDetailView.swift */; };
		491A8BD72C288FBE001F6BDE /* CarListView.swift in Sources */ = {isa = PBXBuildFile; fileRef = 491A8B652C288FBE001F6BDE /* CarListView.swift */; };
		491A8BD82C288FBE001F6BDE /* CarModel.swift in Sources */ = {isa = PBXBuildFile; fileRef = 491A8B672C288FBE001F6BDE /* CarModel.swift */; };
		491A8BD92C288FBE001F6BDE /* CardFlipperView.swift in Sources */ = {isa = PBXBuildFile; fileRef = 491A8B6A2C288FBE001F6BDE /* CardFlipperView.swift */; };
		491A8BDA2C288FBE001F6BDE /* DiceRoller.swift in Sources */ = {isa = PBXBuildFile; fileRef = 491A8B6B2C288FBE001F6BDE /* DiceRoller.swift */; };
		491A8BDB2C288FBE001F6BDE /* DiceWarView.swift in Sources */ = {isa = PBXBuildFile; fileRef = 491A8B6C2C288FBE001F6BDE /* DiceWarView.swift */; };
		491A8BDC2C288FBE001F6BDE /* SlotView.swift in Sources */ = {isa = PBXBuildFile; fileRef = 491A8B6D2C288FBE001F6BDE /* SlotView.swift */; };
		491A8BDD2C288FBE001F6BDE /* WarView.swift in Sources */ = {isa = PBXBuildFile; fileRef = 491A8B6E2C288FBE001F6BDE /* WarView.swift */; };
		491A8BDE2C288FBE001F6BDE /* CardType.swift in Sources */ = {isa = PBXBuildFile; fileRef = 491A8B702C288FBE001F6BDE /* CardType.swift */; };
		491A8BDF2C288FBE001F6BDE /* DiceType.swift in Sources */ = {isa = PBXBuildFile; fileRef = 491A8B712C288FBE001F6BDE /* DiceType.swift */; };
		491A8BE02C288FBE001F6BDE /* Game.swift in Sources */ = {isa = PBXBuildFile; fileRef = 491A8B722C288FBE001F6BDE /* Game.swift */; };
		491A8BE12C288FBE001F6BDE /* DiceUIService.swift in Sources */ = {isa = PBXBuildFile; fileRef = 491A8B742C288FBE001F6BDE /* DiceUIService.swift */; };
		491A8BE22C288FBE001F6BDE /* GameModel.swift in Sources */ = {isa = PBXBuildFile; fileRef = 491A8B752C288FBE001F6BDE /* GameModel.swift */; };
		491A8BE32C288FBE001F6BDE /* CasinoView.swift in Sources */ = {isa = PBXBuildFile; fileRef = 491A8B772C288FBE001F6BDE /* CasinoView.swift */; };
		491A8BE42C288FBE001F6BDE /* GameCardView.swift in Sources */ = {isa = PBXBuildFile; fileRef = 491A8B782C288FBE001F6BDE /* GameCardView.swift */; };
		491A8BE52C288FBE001F6BDE /* GameSettingsView.swift in Sources */ = {isa = PBXBuildFile; fileRef = 491A8B792C288FBE001F6BDE /* GameSettingsView.swift */; };
		491A8BE62C288FBE001F6BDE /* AppButton.swift in Sources */ = {isa = PBXBuildFile; fileRef = 491A8B7C2C288FBE001F6BDE /* AppButton.swift */; };
		491A8BE72C288FBE001F6BDE /* HomeButton.swift in Sources */ = {isa = PBXBuildFile; fileRef = 491A8B7D2C288FBE001F6BDE /* HomeButton.swift */; };
		491A8BE82C288FBE001F6BDE /* LauncherView.swift in Sources */ = {isa = PBXBuildFile; fileRef = 491A8B7E2C288FBE001F6BDE /* LauncherView.swift */; };
		491A8BE92C288FBE001F6BDE /* MapView.swift in Sources */ = {isa = PBXBuildFile; fileRef = 491A8B7F2C288FBE001F6BDE /* MapView.swift */; };
		491A8BEA2C288FBE001F6BDE /* MediaPlaybackView.swift in Sources */ = {isa = PBXBuildFile; fileRef = 491A8B802C288FBE001F6BDE /* MediaPlaybackView.swift */; };
		491A8BEB2C288FBE001F6BDE /* SettingsMasterView.swift in Sources */ = {isa = PBXBuildFile; fileRef = 491A8B812C288FBE001F6BDE /* SettingsMasterView.swift */; };
		491A8BEC2C288FBE001F6BDE /* WebClipView.swift in Sources */ = {isa = PBXBuildFile; fileRef = 491A8B822C288FBE001F6BDE /* WebClipView.swift */; };
		491A8BED2C288FBE001F6BDE /* Models.swift in Sources */ = {isa = PBXBuildFile; fileRef = 491A8B852C288FBE001F6BDE /* Models.swift */; };
		491A8BEE2C288FBE001F6BDE /* Constants.swift in Sources */ = {isa = PBXBuildFile; fileRef = 491A8B872C288FBE001F6BDE /* Constants.swift */; };
		491A8BEF2C288FBE001F6BDE /* data.json in Resources */ = {isa = PBXBuildFile; fileRef = 491A8B882C288FBE001F6BDE /* data.json */; };
		491A8BF02C288FBE001F6BDE /* style.html in Resources */ = {isa = PBXBuildFile; fileRef = 491A8B892C288FBE001F6BDE /* style.html */; };
		491A8BF12C288FBE001F6BDE /* ContentModel.swift in Sources */ = {isa = PBXBuildFile; fileRef = 491A8B8B2C288FBE001F6BDE /* ContentModel.swift */; };
		491A8BF22C288FBE001F6BDE /* ButtonBackgroundView.swift in Sources */ = {isa = PBXBuildFile; fileRef = 491A8B8D2C288FBE001F6BDE /* ButtonBackgroundView.swift */; };
		491A8BF32C288FBE001F6BDE /* CodeTextView.swift in Sources */ = {isa = PBXBuildFile; fileRef = 491A8B8E2C288FBE001F6BDE /* CodeTextView.swift */; };
		491A8BF42C288FBE001F6BDE /* ContentDetailView.swift in Sources */ = {isa = PBXBuildFile; fileRef = 491A8B8F2C288FBE001F6BDE /* ContentDetailView.swift */; };
		491A8BF52C288FBE001F6BDE /* ContentView.swift in Sources */ = {isa = PBXBuildFile; fileRef = 491A8B902C288FBE001F6BDE /* ContentView.swift */; };
		491A8BF62C288FBE001F6BDE /* ContentViewRow.swift in Sources */ = {isa = PBXBuildFile; fileRef = 491A8B912C288FBE001F6BDE /* ContentViewRow.swift */; };
		491A8BF72C288FBE001F6BDE /* HomeView.swift in Sources */ = {isa = PBXBuildFile; fileRef = 491A8B922C288FBE001F6BDE /* HomeView.swift */; };
		491A8BF82C288FBE001F6BDE /* LearningCardView.swift in Sources */ = {isa = PBXBuildFile; fileRef = 491A8B932C288FBE001F6BDE /* LearningCardView.swift */; };
		491A8BF92C288FBE001F6BDE /* LessonCardView.swift in Sources */ = {isa = PBXBuildFile; fileRef = 491A8B942C288FBE001F6BDE /* LessonCardView.swift */; };
		491A8BFA2C288FBE001F6BDE /* TestCardView.swift in Sources */ = {isa = PBXBuildFile; fileRef = 491A8B952C288FBE001F6BDE /* TestCardView.swift */; };
		491A8BFB2C288FBE001F6BDE /* TestView.swift in Sources */ = {isa = PBXBuildFile; fileRef = 491A8B962C288FBE001F6BDE /* TestView.swift */; };
		491A8BFC2C288FBE001F6BDE /* Preview Assets.xcassets in Resources */ = {isa = PBXBuildFile; fileRef = 491A8B992C288FBE001F6BDE /* Preview Assets.xcassets */; };
		491A8BFD2C288FBE001F6BDE /* recipes.json in Resources */ = {isa = PBXBuildFile; fileRef = 491A8B9B2C288FBE001F6BDE /* recipes.json */; };
		491A8BFE2C288FBE001F6BDE /* Recipe.swift in Sources */ = {isa = PBXBuildFile; fileRef = 491A8B9D2C288FBE001F6BDE /* Recipe.swift */; };
		491A8BFF2C288FBE001F6BDE /* RecipeService.swift in Sources */ = {isa = PBXBuildFile; fileRef = 491A8B9F2C288FBE001F6BDE /* RecipeService.swift */; };
		491A8C002C288FBE001F6BDE /* RecipeModel.swift in Sources */ = {isa = PBXBuildFile; fileRef = 491A8BA12C288FBE001F6BDE /* RecipeModel.swift */; };
		491A8C012C288FBE001F6BDE /* FavouriteView.swift in Sources */ = {isa = PBXBuildFile; fileRef = 491A8BA32C288FBE001F6BDE /* FavouriteView.swift */; };
		491A8C022C288FBE001F6BDE /* imageView.swift in Sources */ = {isa = PBXBuildFile; fileRef = 491A8BA42C288FBE001F6BDE /* imageView.swift */; };
		491A8C032C288FBE001F6BDE /* IngredientCheckView.swift in Sources */ = {isa = PBXBuildFile; fileRef = 491A8BA52C288FBE001F6BDE /* IngredientCheckView.swift */; };
		491A8C042C288FBE001F6BDE /* RandomView.swift in Sources */ = {isa = PBXBuildFile; fileRef = 491A8BA62C288FBE001F6BDE /* RandomView.swift */; };
		491A8C052C288FBE001F6BDE /* RecipeCardView.swift in Sources */ = {isa = PBXBuildFile; fileRef = 491A8BA72C288FBE001F6BDE /* RecipeCardView.swift */; };
		491A8C062C288FBE001F6BDE /* RecipeDetailView.swift in Sources */ = {isa = PBXBuildFile; fileRef = 491A8BA82C288FBE001F6BDE /* RecipeDetailView.swift */; };
		491A8C072C288FBE001F6BDE /* RecipeListView.swift in Sources */ = {isa = PBXBuildFile; fileRef = 491A8BA92C288FBE001F6BDE /* RecipeListView.swift */; };
		491A8C082C288FBE001F6BDE /* RecipeTabView.swift in Sources */ = {isa = PBXBuildFile; fileRef = 491A8BAA2C288FBE001F6BDE /* RecipeTabView.swift */; };
		491A8C092C288FBE001F6BDE /* ColourService.swift in Sources */ = {isa = PBXBuildFile; fileRef = 491A8BAD2C288FBE001F6BDE /* ColourService.swift */; };
		491A8C0A2C288FBE001F6BDE /* NavigationService.swift in Sources */ = {isa = PBXBuildFile; fileRef = 491A8BAE2C288FBE001F6BDE /* NavigationService.swift */; };
		491A8C0B2C288FBE001F6BDE /* ReverseMask.swift in Sources */ = {isa = PBXBuildFile; fileRef = 491A8BAF2C288FBE001F6BDE /* ReverseMask.swift */; };
		491A8C0C2C288FBE001F6BDE /* WPService.swift in Sources */ = {isa = PBXBuildFile; fileRef = 491A8BB02C288FBE001F6BDE /* WPService.swift */; };
		491A8C0D2C288FBE001F6BDE /* WeatherData.swift in Sources */ = {isa = PBXBuildFile; fileRef = 491A8BB22C288FBE001F6BDE /* WeatherData.swift */; };
		491A8C0E2C288FBE001F6BDE /* WeatherModel.swift in Sources */ = {isa = PBXBuildFile; fileRef = 491A8BB42C288FBE001F6BDE /* WeatherModel.swift */; };
		491A8C102C288FBE001F6BDE /* PrecipitationTileView.swift in Sources */ = {isa = PBXBuildFile; fileRef = 491A8BB72C288FBE001F6BDE /* PrecipitationTileView.swift */; };
		491A8C112C288FBE001F6BDE /* SunriseTileView.swift in Sources */ = {isa = PBXBuildFile; fileRef = 491A8BB82C288FBE001F6BDE /* SunriseTileView.swift */; };
		491A8C122C288FBE001F6BDE /* TemperatureTileView.swift in Sources */ = {isa = PBXBuildFile; fileRef = 491A8BB92C288FBE001F6BDE /* TemperatureTileView.swift */; };
		491A8C132C288FBE001F6BDE /* UviTileView.swift in Sources */ = {isa = PBXBuildFile; fileRef = 491A8BBA2C288FBE001F6BDE /* UviTileView.swift */; };
		491A8C142C288FBE001F6BDE /* WindTileView.swift in Sources */ = {isa = PBXBuildFile; fileRef = 491A8BBB2C288FBE001F6BDE /* WindTileView.swift */; };
		491A8C152C288FBE001F6BDE /* WeatherIcon.swift in Sources */ = {isa = PBXBuildFile; fileRef = 491A8BBD2C288FBE001F6BDE /* WeatherIcon.swift */; };
		491A8C162C288FBE001F6BDE /* WeatherMainView.swift in Sources */ = {isa = PBXBuildFile; fileRef = 491A8BBE2C288FBE001F6BDE /* WeatherMainView.swift */; };
		491A8C172C288FBE001F6BDE /* WeatherView.swift in Sources */ = {isa = PBXBuildFile; fileRef = 491A8BBF2C288FBE001F6BDE /* WeatherView.swift */; };
		491A8C182C288FBE001F6BDE /* WeatherWidgetView.swift in Sources */ = {isa = PBXBuildFile; fileRef = 491A8BC02C288FBE001F6BDE /* WeatherWidgetView.swift */; };
		491A8C192C288FBE001F6BDE /* Assets.xcassets in Resources */ = {isa = PBXBuildFile; fileRef = 491A8BC32C288FBE001F6BDE /* Assets.xcassets */; };
		491A8C1A2C288FBE001F6BDE /* Liftoff.swift in Sources */ = {isa = PBXBuildFile; fileRef = 491A8BC42C288FBE001F6BDE /* Liftoff.swift */; };
		491A8C1B2C288FBE001F6BDE /* Private.swift in Sources */ = {isa = PBXBuildFile; fileRef = 491A8BC52C288FBE001F6BDE /* Private.swift */; };
		493EF8332C484C750041AD01 /* AddRecipeView.swift in Sources */ = {isa = PBXBuildFile; fileRef = 493EF8312C484C750041AD01 /* AddRecipeView.swift */; };
		493EF8342C484C750041AD01 /* RecipeSettingsView.swift in Sources */ = {isa = PBXBuildFile; fileRef = 493EF8322C484C750041AD01 /* RecipeSettingsView.swift */; };
		4975BF202A2D86F70093C029 /* AVKit.framework in Frameworks */ = {isa = PBXBuildFile; fileRef = 4975BF1F2A2D86F50093C029 /* AVKit.framework */; };
		49D4F9CF2A36255E00E83559 /* WebKit.framework in Frameworks */ = {isa = PBXBuildFile; fileRef = 49D4F9CE2A36255E00E83559 /* WebKit.framework */; };
/* End PBXBuildFile section */

/* Begin PBXFileReference section */
		491A8B4E2C288FBE001F6BDE /* Book.swift */ = {isa = PBXFileReference; fileEncoding = 4; lastKnownFileType = sourcecode.swift; path = Book.swift; sourceTree = "<group>"; };
		491A8B502C288FBE001F6BDE /* BookData.json */ = {isa = PBXFileReference; fileEncoding = 4; lastKnownFileType = text.json; path = BookData.json; sourceTree = "<group>"; };
		491A8B512C288FBE001F6BDE /* BookService.swift */ = {isa = PBXFileReference; fileEncoding = 4; lastKnownFileType = sourcecode.swift; path = BookService.swift; sourceTree = "<group>"; };
		491A8B532C288FBE001F6BDE /* BookBackButton.swift */ = {isa = PBXFileReference; fileEncoding = 4; lastKnownFileType = sourcecode.swift; path = BookBackButton.swift; sourceTree = "<group>"; };
		491A8B542C288FBE001F6BDE /* BookModel.swift */ = {isa = PBXFileReference; fileEncoding = 4; lastKnownFileType = sourcecode.swift; path = BookModel.swift; sourceTree = "<group>"; };
		491A8B562C288FBE001F6BDE /* BookDetailView.swift */ = {isa = PBXFileReference; fileEncoding = 4; lastKnownFileType = sourcecode.swift; path = BookDetailView.swift; sourceTree = "<group>"; };
		491A8B572C288FBE001F6BDE /* BookListView.swift */ = {isa = PBXFileReference; fileEncoding = 4; lastKnownFileType = sourcecode.swift; path = BookListView.swift; sourceTree = "<group>"; };
		491A8B582C288FBE001F6BDE /* BookPreview.swift */ = {isa = PBXFileReference; fileEncoding = 4; lastKnownFileType = sourcecode.swift; path = BookPreview.swift; sourceTree = "<group>"; };
		491A8B592C288FBE001F6BDE /* BookSettingView.swift */ = {isa = PBXFileReference; fileEncoding = 4; lastKnownFileType = sourcecode.swift; path = BookSettingView.swift; sourceTree = "<group>"; };
		491A8B5A2C288FBE001F6BDE /* ReaderView.swift */ = {isa = PBXFileReference; fileEncoding = 4; lastKnownFileType = sourcecode.swift; path = ReaderView.swift; sourceTree = "<group>"; };
		491A8B5D2C288FBE001F6BDE /* CarData.json */ = {isa = PBXFileReference; fileEncoding = 4; lastKnownFileType = text.json; path = CarData.json; sourceTree = "<group>"; };
		491A8B5E2C288FBE001F6BDE /* CarService.swift */ = {isa = PBXFileReference; fileEncoding = 4; lastKnownFileType = sourcecode.swift; path = CarService.swift; sourceTree = "<group>"; };
		491A8B602C288FBE001F6BDE /* Car.swift */ = {isa = PBXFileReference; fileEncoding = 4; lastKnownFileType = sourcecode.swift; path = Car.swift; sourceTree = "<group>"; };
		491A8B622C288FBE001F6BDE /* CarCardView.swift */ = {isa = PBXFileReference; fileEncoding = 4; lastKnownFileType = sourcecode.swift; path = CarCardView.swift; sourceTree = "<group>"; };
		491A8B632C288FBE001F6BDE /* CarDetailsListView.swift */ = {isa = PBXFileReference; fileEncoding = 4; lastKnownFileType = sourcecode.swift; path = CarDetailsListView.swift; sourceTree = "<group>"; };
		491A8B642C288FBE001F6BDE /* CarDetailView.swift */ = {isa = PBXFileReference; fileEncoding = 4; lastKnownFileType = sourcecode.swift; path = CarDetailView.swift; sourceTree = "<group>"; };
		491A8B652C288FBE001F6BDE /* CarListView.swift */ = {isa = PBXFileReference; fileEncoding = 4; lastKnownFileType = sourcecode.swift; path = CarListView.swift; sourceTree = "<group>"; };
		491A8B672C288FBE001F6BDE /* CarModel.swift */ = {isa = PBXFileReference; fileEncoding = 4; lastKnownFileType = sourcecode.swift; path = CarModel.swift; sourceTree = "<group>"; };
		491A8B6A2C288FBE001F6BDE /* CardFlipperView.swift */ = {isa = PBXFileReference; fileEncoding = 4; lastKnownFileType = sourcecode.swift; path = CardFlipperView.swift; sourceTree = "<group>"; };
		491A8B6B2C288FBE001F6BDE /* DiceRoller.swift */ = {isa = PBXFileReference; fileEncoding = 4; lastKnownFileType = sourcecode.swift; path = DiceRoller.swift; sourceTree = "<group>"; };
		491A8B6C2C288FBE001F6BDE /* DiceWarView.swift */ = {isa = PBXFileReference; fileEncoding = 4; lastKnownFileType = sourcecode.swift; path = DiceWarView.swift; sourceTree = "<group>"; };
		491A8B6D2C288FBE001F6BDE /* SlotView.swift */ = {isa = PBXFileReference; fileEncoding = 4; lastKnownFileType = sourcecode.swift; path = SlotView.swift; sourceTree = "<group>"; };
		491A8B6E2C288FBE001F6BDE /* WarView.swift */ = {isa = PBXFileReference; fileEncoding = 4; lastKnownFileType = sourcecode.swift; path = WarView.swift; sourceTree = "<group>"; };
		491A8B702C288FBE001F6BDE /* CardType.swift */ = {isa = PBXFileReference; fileEncoding = 4; lastKnownFileType = sourcecode.swift; path = CardType.swift; sourceTree = "<group>"; };
		491A8B712C288FBE001F6BDE /* DiceType.swift */ = {isa = PBXFileReference; fileEncoding = 4; lastKnownFileType = sourcecode.swift; path = DiceType.swift; sourceTree = "<group>"; };
		491A8B722C288FBE001F6BDE /* Game.swift */ = {isa = PBXFileReference; fileEncoding = 4; lastKnownFileType = sourcecode.swift; path = Game.swift; sourceTree = "<group>"; };
		491A8B742C288FBE001F6BDE /* DiceUIService.swift */ = {isa = PBXFileReference; fileEncoding = 4; lastKnownFileType = sourcecode.swift; path = DiceUIService.swift; sourceTree = "<group>"; };
		491A8B752C288FBE001F6BDE /* GameModel.swift */ = {isa = PBXFileReference; fileEncoding = 4; lastKnownFileType = sourcecode.swift; path = GameModel.swift; sourceTree = "<group>"; };
		491A8B772C288FBE001F6BDE /* CasinoView.swift */ = {isa = PBXFileReference; fileEncoding = 4; lastKnownFileType = sourcecode.swift; path = CasinoView.swift; sourceTree = "<group>"; };
		491A8B782C288FBE001F6BDE /* GameCardView.swift */ = {isa = PBXFileReference; fileEncoding = 4; lastKnownFileType = sourcecode.swift; path = GameCardView.swift; sourceTree = "<group>"; };
		491A8B792C288FBE001F6BDE /* GameSettingsView.swift */ = {isa = PBXFileReference; fileEncoding = 4; lastKnownFileType = sourcecode.swift; path = GameSettingsView.swift; sourceTree = "<group>"; };
		491A8B7C2C288FBE001F6BDE /* AppButton.swift */ = {isa = PBXFileReference; fileEncoding = 4; lastKnownFileType = sourcecode.swift; path = AppButton.swift; sourceTree = "<group>"; };
		491A8B7D2C288FBE001F6BDE /* HomeButton.swift */ = {isa = PBXFileReference; fileEncoding = 4; lastKnownFileType = sourcecode.swift; path = HomeButton.swift; sourceTree = "<group>"; };
		491A8B7E2C288FBE001F6BDE /* LauncherView.swift */ = {isa = PBXFileReference; fileEncoding = 4; lastKnownFileType = sourcecode.swift; path = LauncherView.swift; sourceTree = "<group>"; };
		491A8B7F2C288FBE001F6BDE /* MapView.swift */ = {isa = PBXFileReference; fileEncoding = 4; lastKnownFileType = sourcecode.swift; path = MapView.swift; sourceTree = "<group>"; };
		491A8B802C288FBE001F6BDE /* MediaPlaybackView.swift */ = {isa = PBXFileReference; fileEncoding = 4; lastKnownFileType = sourcecode.swift; path = MediaPlaybackView.swift; sourceTree = "<group>"; };
		491A8B812C288FBE001F6BDE /* SettingsMasterView.swift */ = {isa = PBXFileReference; fileEncoding = 4; lastKnownFileType = sourcecode.swift; path = SettingsMasterView.swift; sourceTree = "<group>"; };
		491A8B822C288FBE001F6BDE /* WebClipView.swift */ = {isa = PBXFileReference; fileEncoding = 4; lastKnownFileType = sourcecode.swift; path = WebClipView.swift; sourceTree = "<group>"; };
		491A8B852C288FBE001F6BDE /* Models.swift */ = {isa = PBXFileReference; fileEncoding = 4; lastKnownFileType = sourcecode.swift; path = Models.swift; sourceTree = "<group>"; };
		491A8B872C288FBE001F6BDE /* Constants.swift */ = {isa = PBXFileReference; fileEncoding = 4; lastKnownFileType = sourcecode.swift; path = Constants.swift; sourceTree = "<group>"; };
		491A8B882C288FBE001F6BDE /* data.json */ = {isa = PBXFileReference; fileEncoding = 4; lastKnownFileType = text.json; path = data.json; sourceTree = "<group>"; };
		491A8B892C288FBE001F6BDE /* style.html */ = {isa = PBXFileReference; fileEncoding = 4; lastKnownFileType = text.html; path = style.html; sourceTree = "<group>"; };
		491A8B8B2C288FBE001F6BDE /* ContentModel.swift */ = {isa = PBXFileReference; fileEncoding = 4; lastKnownFileType = sourcecode.swift; path = ContentModel.swift; sourceTree = "<group>"; };
		491A8B8D2C288FBE001F6BDE /* ButtonBackgroundView.swift */ = {isa = PBXFileReference; fileEncoding = 4; lastKnownFileType = sourcecode.swift; path = ButtonBackgroundView.swift; sourceTree = "<group>"; };
		491A8B8E2C288FBE001F6BDE /* CodeTextView.swift */ = {isa = PBXFileReference; fileEncoding = 4; lastKnownFileType = sourcecode.swift; path = CodeTextView.swift; sourceTree = "<group>"; };
		491A8B8F2C288FBE001F6BDE /* ContentDetailView.swift */ = {isa = PBXFileReference; fileEncoding = 4; lastKnownFileType = sourcecode.swift; path = ContentDetailView.swift; sourceTree = "<group>"; };
		491A8B902C288FBE001F6BDE /* ContentView.swift */ = {isa = PBXFileReference; fileEncoding = 4; lastKnownFileType = sourcecode.swift; path = ContentView.swift; sourceTree = "<group>"; };
		491A8B912C288FBE001F6BDE /* ContentViewRow.swift */ = {isa = PBXFileReference; fileEncoding = 4; lastKnownFileType = sourcecode.swift; path = ContentViewRow.swift; sourceTree = "<group>"; };
		491A8B922C288FBE001F6BDE /* HomeView.swift */ = {isa = PBXFileReference; fileEncoding = 4; lastKnownFileType = sourcecode.swift; path = HomeView.swift; sourceTree = "<group>"; };
		491A8B932C288FBE001F6BDE /* LearningCardView.swift */ = {isa = PBXFileReference; fileEncoding = 4; lastKnownFileType = sourcecode.swift; path = LearningCardView.swift; sourceTree = "<group>"; };
		491A8B942C288FBE001F6BDE /* LessonCardView.swift */ = {isa = PBXFileReference; fileEncoding = 4; lastKnownFileType = sourcecode.swift; path = LessonCardView.swift; sourceTree = "<group>"; };
		491A8B952C288FBE001F6BDE /* TestCardView.swift */ = {isa = PBXFileReference; fileEncoding = 4; lastKnownFileType = sourcecode.swift; path = TestCardView.swift; sourceTree = "<group>"; };
		491A8B962C288FBE001F6BDE /* TestView.swift */ = {isa = PBXFileReference; fileEncoding = 4; lastKnownFileType = sourcecode.swift; path = TestView.swift; sourceTree = "<group>"; };
		491A8B992C288FBE001F6BDE /* Preview Assets.xcassets */ = {isa = PBXFileReference; lastKnownFileType = folder.assetcatalog; path = "Preview Assets.xcassets"; sourceTree = "<group>"; };
		491A8B9B2C288FBE001F6BDE /* recipes.json */ = {isa = PBXFileReference; fileEncoding = 4; lastKnownFileType = text.json; path = recipes.json; sourceTree = "<group>"; };
		491A8B9D2C288FBE001F6BDE /* Recipe.swift */ = {isa = PBXFileReference; fileEncoding = 4; lastKnownFileType = sourcecode.swift; path = Recipe.swift; sourceTree = "<group>"; };
		491A8B9F2C288FBE001F6BDE /* RecipeService.swift */ = {isa = PBXFileReference; fileEncoding = 4; lastKnownFileType = sourcecode.swift; path = RecipeService.swift; sourceTree = "<group>"; };
		491A8BA12C288FBE001F6BDE /* RecipeModel.swift */ = {isa = PBXFileReference; fileEncoding = 4; lastKnownFileType = sourcecode.swift; path = RecipeModel.swift; sourceTree = "<group>"; };
		491A8BA32C288FBE001F6BDE /* FavouriteView.swift */ = {isa = PBXFileReference; fileEncoding = 4; lastKnownFileType = sourcecode.swift; path = FavouriteView.swift; sourceTree = "<group>"; };
		491A8BA42C288FBE001F6BDE /* imageView.swift */ = {isa = PBXFileReference; fileEncoding = 4; lastKnownFileType = sourcecode.swift; path = imageView.swift; sourceTree = "<group>"; };
		491A8BA52C288FBE001F6BDE /* IngredientCheckView.swift */ = {isa = PBXFileReference; fileEncoding = 4; lastKnownFileType = sourcecode.swift; path = IngredientCheckView.swift; sourceTree = "<group>"; };
		491A8BA62C288FBE001F6BDE /* RandomView.swift */ = {isa = PBXFileReference; fileEncoding = 4; lastKnownFileType = sourcecode.swift; path = RandomView.swift; sourceTree = "<group>"; };
		491A8BA72C288FBE001F6BDE /* RecipeCardView.swift */ = {isa = PBXFileReference; fileEncoding = 4; lastKnownFileType = sourcecode.swift; path = RecipeCardView.swift; sourceTree = "<group>"; };
		491A8BA82C288FBE001F6BDE /* RecipeDetailView.swift */ = {isa = PBXFileReference; fileEncoding = 4; lastKnownFileType = sourcecode.swift; path = RecipeDetailView.swift; sourceTree = "<group>"; };
		491A8BA92C288FBE001F6BDE /* RecipeListView.swift */ = {isa = PBXFileReference; fileEncoding = 4; lastKnownFileType = sourcecode.swift; path = RecipeListView.swift; sourceTree = "<group>"; };
		491A8BAA2C288FBE001F6BDE /* RecipeTabView.swift */ = {isa = PBXFileReference; fileEncoding = 4; lastKnownFileType = sourcecode.swift; path = RecipeTabView.swift; sourceTree = "<group>"; };
		491A8BAD2C288FBE001F6BDE /* ColourService.swift */ = {isa = PBXFileReference; fileEncoding = 4; lastKnownFileType = sourcecode.swift; path = ColourService.swift; sourceTree = "<group>"; };
		491A8BAE2C288FBE001F6BDE /* NavigationService.swift */ = {isa = PBXFileReference; fileEncoding = 4; lastKnownFileType = sourcecode.swift; path = NavigationService.swift; sourceTree = "<group>"; };
		491A8BAF2C288FBE001F6BDE /* ReverseMask.swift */ = {isa = PBXFileReference; fileEncoding = 4; lastKnownFileType = sourcecode.swift; path = ReverseMask.swift; sourceTree = "<group>"; };
		491A8BB02C288FBE001F6BDE /* WPService.swift */ = {isa = PBXFileReference; fileEncoding = 4; lastKnownFileType = sourcecode.swift; path = WPService.swift; sourceTree = "<group>"; };
		491A8BB22C288FBE001F6BDE /* WeatherData.swift */ = {isa = PBXFileReference; fileEncoding = 4; lastKnownFileType = sourcecode.swift; path = WeatherData.swift; sourceTree = "<group>"; };
		491A8BB42C288FBE001F6BDE /* WeatherModel.swift */ = {isa = PBXFileReference; fileEncoding = 4; lastKnownFileType = sourcecode.swift; path = WeatherModel.swift; sourceTree = "<group>"; };
		491A8BB72C288FBE001F6BDE /* PrecipitationTileView.swift */ = {isa = PBXFileReference; fileEncoding = 4; lastKnownFileType = sourcecode.swift; path = PrecipitationTileView.swift; sourceTree = "<group>"; };
		491A8BB82C288FBE001F6BDE /* SunriseTileView.swift */ = {isa = PBXFileReference; fileEncoding = 4; lastKnownFileType = sourcecode.swift; path = SunriseTileView.swift; sourceTree = "<group>"; };
		491A8BB92C288FBE001F6BDE /* TemperatureTileView.swift */ = {isa = PBXFileReference; fileEncoding = 4; lastKnownFileType = sourcecode.swift; path = TemperatureTileView.swift; sourceTree = "<group>"; };
		491A8BBA2C288FBE001F6BDE /* UviTileView.swift */ = {isa = PBXFileReference; fileEncoding = 4; lastKnownFileType = sourcecode.swift; path = UviTileView.swift; sourceTree = "<group>"; };
		491A8BBB2C288FBE001F6BDE /* WindTileView.swift */ = {isa = PBXFileReference; fileEncoding = 4; lastKnownFileType = sourcecode.swift; path = WindTileView.swift; sourceTree = "<group>"; };
		491A8BBD2C288FBE001F6BDE /* WeatherIcon.swift */ = {isa = PBXFileReference; fileEncoding = 4; lastKnownFileType = sourcecode.swift; path = WeatherIcon.swift; sourceTree = "<group>"; };
		491A8BBE2C288FBE001F6BDE /* WeatherMainView.swift */ = {isa = PBXFileReference; fileEncoding = 4; lastKnownFileType = sourcecode.swift; path = WeatherMainView.swift; sourceTree = "<group>"; };
		491A8BBF2C288FBE001F6BDE /* WeatherView.swift */ = {isa = PBXFileReference; fileEncoding = 4; lastKnownFileType = sourcecode.swift; path = WeatherView.swift; sourceTree = "<group>"; };
		491A8BC02C288FBE001F6BDE /* WeatherWidgetView.swift */ = {isa = PBXFileReference; fileEncoding = 4; lastKnownFileType = sourcecode.swift; path = WeatherWidgetView.swift; sourceTree = "<group>"; };
		491A8BC32C288FBE001F6BDE /* Assets.xcassets */ = {isa = PBXFileReference; lastKnownFileType = folder.assetcatalog; path = Assets.xcassets; sourceTree = "<group>"; };
		491A8BC42C288FBE001F6BDE /* Liftoff.swift */ = {isa = PBXFileReference; fileEncoding = 4; lastKnownFileType = sourcecode.swift; path = Liftoff.swift; sourceTree = "<group>"; };
		491A8BC52C288FBE001F6BDE /* Private.swift */ = {isa = PBXFileReference; fileEncoding = 4; lastKnownFileType = sourcecode.swift; path = Private.swift; sourceTree = "<group>"; };
		493EF8312C484C750041AD01 /* AddRecipeView.swift */ = {isa = PBXFileReference; lastKnownFileType = sourcecode.swift; path = AddRecipeView.swift; sourceTree = "<group>"; };
		493EF8322C484C750041AD01 /* RecipeSettingsView.swift */ = {isa = PBXFileReference; lastKnownFileType = sourcecode.swift; path = RecipeSettingsView.swift; sourceTree = "<group>"; };
		4975BF1F2A2D86F50093C029 /* AVKit.framework */ = {isa = PBXFileReference; lastKnownFileType = wrapper.framework; name = AVKit.framework; path = System/Library/Frameworks/AVKit.framework; sourceTree = SDKROOT; };
		49D4F9CE2A36255E00E83559 /* WebKit.framework */ = {isa = PBXFileReference; lastKnownFileType = wrapper.framework; name = WebKit.framework; path = System/Library/Frameworks/WebKit.framework; sourceTree = SDKROOT; };
		49ED9C162A2B362900481BDB /* Liftoff.app */ = {isa = PBXFileReference; explicitFileType = wrapper.application; includeInIndex = 0; path = Liftoff.app; sourceTree = BUILT_PRODUCTS_DIR; };
/* End PBXFileReference section */

/* Begin PBXFrameworksBuildPhase section */
		49ED9C132A2B362900481BDB /* Frameworks */ = {
			isa = PBXFrameworksBuildPhase;
			buildActionMask = 2147483647;
			files = (
				49D4F9CF2A36255E00E83559 /* WebKit.framework in Frameworks */,
				4975BF202A2D86F70093C029 /* AVKit.framework in Frameworks */,
			);
			runOnlyForDeploymentPostprocessing = 0;
		};
/* End PBXFrameworksBuildPhase section */

/* Begin PBXGroup section */
		491A8B4F2C288FBE001F6BDE /* Models */ = {
			isa = PBXGroup;
			children = (
				491A8B4E2C288FBE001F6BDE /* Book.swift */,
			);
			path = Models;
			sourceTree = "<group>";
		};
		491A8B522C288FBE001F6BDE /* Service */ = {
			isa = PBXGroup;
			children = (
				491A8B502C288FBE001F6BDE /* BookData.json */,
				491A8B512C288FBE001F6BDE /* BookService.swift */,
			);
			path = Service;
			sourceTree = "<group>";
		};
		491A8B552C288FBE001F6BDE /* ViewModel */ = {
			isa = PBXGroup;
			children = (
				491A8B532C288FBE001F6BDE /* BookBackButton.swift */,
				491A8B542C288FBE001F6BDE /* BookModel.swift */,
			);
			path = ViewModel;
			sourceTree = "<group>";
		};
		491A8B5B2C288FBE001F6BDE /* Views */ = {
			isa = PBXGroup;
			children = (
				491A8B562C288FBE001F6BDE /* BookDetailView.swift */,
				491A8B572C288FBE001F6BDE /* BookListView.swift */,
				491A8B582C288FBE001F6BDE /* BookPreview.swift */,
				491A8B592C288FBE001F6BDE /* BookSettingView.swift */,
				491A8B5A2C288FBE001F6BDE /* ReaderView.swift */,
			);
			path = Views;
			sourceTree = "<group>";
		};
		491A8B5C2C288FBE001F6BDE /* Books */ = {
			isa = PBXGroup;
			children = (
				491A8B4F2C288FBE001F6BDE /* Models */,
				491A8B522C288FBE001F6BDE /* Service */,
				491A8B552C288FBE001F6BDE /* ViewModel */,
				491A8B5B2C288FBE001F6BDE /* Views */,
			);
			path = Books;
			sourceTree = "<group>";
		};
		491A8B5F2C288FBE001F6BDE /* Data */ = {
			isa = PBXGroup;
			children = (
				491A8B5D2C288FBE001F6BDE /* CarData.json */,
				491A8B5E2C288FBE001F6BDE /* CarService.swift */,
			);
			path = Data;
			sourceTree = "<group>";
		};
		491A8B612C288FBE001F6BDE /* Model */ = {
			isa = PBXGroup;
			children = (
				491A8B602C288FBE001F6BDE /* Car.swift */,
			);
			path = Model;
			sourceTree = "<group>";
		};
		491A8B662C288FBE001F6BDE /* View */ = {
			isa = PBXGroup;
			children = (
				491A8B622C288FBE001F6BDE /* CarCardView.swift */,
				491A8B632C288FBE001F6BDE /* CarDetailsListView.swift */,
				491A8B642C288FBE001F6BDE /* CarDetailView.swift */,
				491A8B652C288FBE001F6BDE /* CarListView.swift */,
			);
			path = View;
			sourceTree = "<group>";
		};
		491A8B682C288FBE001F6BDE /* ViewModel */ = {
			isa = PBXGroup;
			children = (
				491A8B672C288FBE001F6BDE /* CarModel.swift */,
			);
			path = ViewModel;
			sourceTree = "<group>";
		};
		491A8B692C288FBE001F6BDE /* Cars */ = {
			isa = PBXGroup;
			children = (
				491A8B5F2C288FBE001F6BDE /* Data */,
				491A8B612C288FBE001F6BDE /* Model */,
				491A8B662C288FBE001F6BDE /* View */,
				491A8B682C288FBE001F6BDE /* ViewModel */,
			);
			path = Cars;
			sourceTree = "<group>";
		};
		491A8B6F2C288FBE001F6BDE /* GameViews */ = {
			isa = PBXGroup;
			children = (
				491A8B6A2C288FBE001F6BDE /* CardFlipperView.swift */,
				491A8B6B2C288FBE001F6BDE /* DiceRoller.swift */,
				491A8B6C2C288FBE001F6BDE /* DiceWarView.swift */,
				491A8B6D2C288FBE001F6BDE /* SlotView.swift */,
				491A8B6E2C288FBE001F6BDE /* WarView.swift */,
			);
			path = GameViews;
			sourceTree = "<group>";
		};
		491A8B732C288FBE001F6BDE /* Models */ = {
			isa = PBXGroup;
			children = (
				491A8B702C288FBE001F6BDE /* CardType.swift */,
				491A8B712C288FBE001F6BDE /* DiceType.swift */,
				491A8B722C288FBE001F6BDE /* Game.swift */,
			);
			path = Models;
			sourceTree = "<group>";
		};
		491A8B762C288FBE001F6BDE /* ViewModels */ = {
			isa = PBXGroup;
			children = (
				491A8B742C288FBE001F6BDE /* DiceUIService.swift */,
				491A8B752C288FBE001F6BDE /* GameModel.swift */,
			);
			path = ViewModels;
			sourceTree = "<group>";
		};
		491A8B7A2C288FBE001F6BDE /* Views */ = {
			isa = PBXGroup;
			children = (
				491A8B772C288FBE001F6BDE /* CasinoView.swift */,
				491A8B782C288FBE001F6BDE /* GameCardView.swift */,
				491A8B792C288FBE001F6BDE /* GameSettingsView.swift */,
			);
			path = Views;
			sourceTree = "<group>";
		};
		491A8B7B2C288FBE001F6BDE /* Casino */ = {
			isa = PBXGroup;
			children = (
				491A8B6F2C288FBE001F6BDE /* GameViews */,
				491A8B732C288FBE001F6BDE /* Models */,
				491A8B762C288FBE001F6BDE /* ViewModels */,
				491A8B7A2C288FBE001F6BDE /* Views */,
			);
			path = Casino;
			sourceTree = "<group>";
		};
		491A8B832C288FBE001F6BDE /* Views */ = {
			isa = PBXGroup;
			children = (
				491A8B7C2C288FBE001F6BDE /* AppButton.swift */,
				491A8B7D2C288FBE001F6BDE /* HomeButton.swift */,
				491A8B7E2C288FBE001F6BDE /* LauncherView.swift */,
				491A8B7F2C288FBE001F6BDE /* MapView.swift */,
				491A8B802C288FBE001F6BDE /* MediaPlaybackView.swift */,
				491A8B812C288FBE001F6BDE /* SettingsMasterView.swift */,
				491A8B822C288FBE001F6BDE /* WebClipView.swift */,
			);
			path = Views;
			sourceTree = "<group>";
		};
		491A8B842C288FBE001F6BDE /* HomeScreen */ = {
			isa = PBXGroup;
			children = (
				491A8B832C288FBE001F6BDE /* Views */,
			);
			path = HomeScreen;
			sourceTree = "<group>";
		};
		491A8B862C288FBE001F6BDE /* Models */ = {
			isa = PBXGroup;
			children = (
				491A8B852C288FBE001F6BDE /* Models.swift */,
			);
			path = Models;
			sourceTree = "<group>";
		};
		491A8B8A2C288FBE001F6BDE /* Resources */ = {
			isa = PBXGroup;
			children = (
				491A8B872C288FBE001F6BDE /* Constants.swift */,
				491A8B882C288FBE001F6BDE /* data.json */,
				491A8B892C288FBE001F6BDE /* style.html */,
			);
			path = Resources;
			sourceTree = "<group>";
		};
		491A8B8C2C288FBE001F6BDE /* ViewModels */ = {
			isa = PBXGroup;
			children = (
				491A8B8B2C288FBE001F6BDE /* ContentModel.swift */,
			);
			path = ViewModels;
			sourceTree = "<group>";
		};
		491A8B972C288FBE001F6BDE /* Views */ = {
			isa = PBXGroup;
			children = (
				491A8B8D2C288FBE001F6BDE /* ButtonBackgroundView.swift */,
				491A8B8E2C288FBE001F6BDE /* CodeTextView.swift */,
				491A8B8F2C288FBE001F6BDE /* ContentDetailView.swift */,
				491A8B902C288FBE001F6BDE /* ContentView.swift */,
				491A8B912C288FBE001F6BDE /* ContentViewRow.swift */,
				491A8B922C288FBE001F6BDE /* HomeView.swift */,
				491A8B932C288FBE001F6BDE /* LearningCardView.swift */,
				491A8B942C288FBE001F6BDE /* LessonCardView.swift */,
				491A8B952C288FBE001F6BDE /* TestCardView.swift */,
				491A8B962C288FBE001F6BDE /* TestView.swift */,
			);
			path = Views;
			sourceTree = "<group>";
		};
		491A8B982C288FBE001F6BDE /* Learning */ = {
			isa = PBXGroup;
			children = (
				491A8B862C288FBE001F6BDE /* Models */,
				491A8B8A2C288FBE001F6BDE /* Resources */,
				491A8B8C2C288FBE001F6BDE /* ViewModels */,
				491A8B972C288FBE001F6BDE /* Views */,
			);
			path = Learning;
			sourceTree = "<group>";
		};
		491A8B9A2C288FBE001F6BDE /* Preview Content */ = {
			isa = PBXGroup;
			children = (
				491A8B992C288FBE001F6BDE /* Preview Assets.xcassets */,
			);
			path = "Preview Content";
			sourceTree = "<group>";
		};
		491A8B9C2C288FBE001F6BDE /* Data */ = {
			isa = PBXGroup;
			children = (
				491A8B9B2C288FBE001F6BDE /* recipes.json */,
			);
			path = Data;
			sourceTree = "<group>";
		};
		491A8B9E2C288FBE001F6BDE /* Models */ = {
			isa = PBXGroup;
			children = (
				491A8B9D2C288FBE001F6BDE /* Recipe.swift */,
			);
			path = Models;
			sourceTree = "<group>";
		};
		491A8BA02C288FBE001F6BDE /* Services */ = {
			isa = PBXGroup;
			children = (
				491A8B9F2C288FBE001F6BDE /* RecipeService.swift */,
			);
			path = Services;
			sourceTree = "<group>";
		};
		491A8BA22C288FBE001F6BDE /* ViewModels */ = {
			isa = PBXGroup;
			children = (
				491A8BA12C288FBE001F6BDE /* RecipeModel.swift */,
			);
			path = ViewModels;
			sourceTree = "<group>";
		};
		491A8BAB2C288FBE001F6BDE /* Views */ = {
			isa = PBXGroup;
			children = (
				493EF8312C484C750041AD01 /* AddRecipeView.swift */,
				493EF8322C484C750041AD01 /* RecipeSettingsView.swift */,
				491A8BA32C288FBE001F6BDE /* FavouriteView.swift */,
				491A8BA42C288FBE001F6BDE /* imageView.swift */,
				491A8BA52C288FBE001F6BDE /* IngredientCheckView.swift */,
				491A8BA62C288FBE001F6BDE /* RandomView.swift */,
				491A8BA72C288FBE001F6BDE /* RecipeCardView.swift */,
				491A8BA82C288FBE001F6BDE /* RecipeDetailView.swift */,
				491A8BA92C288FBE001F6BDE /* RecipeListView.swift */,
				491A8BAA2C288FBE001F6BDE /* RecipeTabView.swift */,
			);
			path = Views;
			sourceTree = "<group>";
		};
		491A8BAC2C288FBE001F6BDE /* Recipes */ = {
			isa = PBXGroup;
			children = (
				491A8B9C2C288FBE001F6BDE /* Data */,
				491A8B9E2C288FBE001F6BDE /* Models */,
				491A8BA02C288FBE001F6BDE /* Services */,
				491A8BA22C288FBE001F6BDE /* ViewModels */,
				491A8BAB2C288FBE001F6BDE /* Views */,
			);
			path = Recipes;
			sourceTree = "<group>";
		};
		491A8BB12C288FBE001F6BDE /* Services */ = {
			isa = PBXGroup;
			children = (
				491A8BAD2C288FBE001F6BDE /* ColourService.swift */,
				491A8BAE2C288FBE001F6BDE /* NavigationService.swift */,
				491A8BAF2C288FBE001F6BDE /* ReverseMask.swift */,
				491A8BB02C288FBE001F6BDE /* WPService.swift */,
			);
			path = Services;
			sourceTree = "<group>";
		};
		491A8BB32C288FBE001F6BDE /* Model */ = {
			isa = PBXGroup;
			children = (
				491A8BB22C288FBE001F6BDE /* WeatherData.swift */,
			);
			path = Model;
			sourceTree = "<group>";
		};
		491A8BB62C288FBE001F6BDE /* ViewModel */ = {
			isa = PBXGroup;
			children = (
				491A8BB42C288FBE001F6BDE /* WeatherModel.swift */,
			);
			path = ViewModel;
			sourceTree = "<group>";
		};
		491A8BBC2C288FBE001F6BDE /* Tiles */ = {
			isa = PBXGroup;
			children = (
				491A8BB72C288FBE001F6BDE /* PrecipitationTileView.swift */,
				491A8BB82C288FBE001F6BDE /* SunriseTileView.swift */,
				491A8BB92C288FBE001F6BDE /* TemperatureTileView.swift */,
				491A8BBA2C288FBE001F6BDE /* UviTileView.swift */,
				491A8BBB2C288FBE001F6BDE /* WindTileView.swift */,
			);
			path = Tiles;
			sourceTree = "<group>";
		};
		491A8BC12C288FBE001F6BDE /* Views */ = {
			isa = PBXGroup;
			children = (
				491A8BBC2C288FBE001F6BDE /* Tiles */,
				491A8BBD2C288FBE001F6BDE /* WeatherIcon.swift */,
				491A8BBE2C288FBE001F6BDE /* WeatherMainView.swift */,
				491A8BBF2C288FBE001F6BDE /* WeatherView.swift */,
				491A8BC02C288FBE001F6BDE /* WeatherWidgetView.swift */,
			);
			path = Views;
			sourceTree = "<group>";
		};
		491A8BC22C288FBE001F6BDE /* Weather */ = {
			isa = PBXGroup;
			children = (
				491A8BB32C288FBE001F6BDE /* Model */,
				491A8BB62C288FBE001F6BDE /* ViewModel */,
				491A8BC12C288FBE001F6BDE /* Views */,
			);
			path = Weather;
			sourceTree = "<group>";
		};
		491A8BC62C288FBE001F6BDE /* Liftoff */ = {
			isa = PBXGroup;
			children = (
				491A8BC42C288FBE001F6BDE /* Liftoff.swift */,
				491A8B5C2C288FBE001F6BDE /* Books */,
				491A8B692C288FBE001F6BDE /* Cars */,
				491A8B7B2C288FBE001F6BDE /* Casino */,
				491A8B842C288FBE001F6BDE /* HomeScreen */,
				491A8B982C288FBE001F6BDE /* Learning */,
				491A8B9A2C288FBE001F6BDE /* Preview Content */,
				491A8BAC2C288FBE001F6BDE /* Recipes */,
				491A8BB12C288FBE001F6BDE /* Services */,
				491A8BC22C288FBE001F6BDE /* Weather */,
				491A8BC32C288FBE001F6BDE /* Assets.xcassets */,
				491A8BC52C288FBE001F6BDE /* Private.swift */,
			);
			path = Liftoff;
			sourceTree = SOURCE_ROOT;
		};
		4975BF1E2A2D86F30093C029 /* Frameworks */ = {
			isa = PBXGroup;
			children = (
				49D4F9CE2A36255E00E83559 /* WebKit.framework */,
				4975BF1F2A2D86F50093C029 /* AVKit.framework */,
			);
			name = Frameworks;
			sourceTree = "<group>";
		};
		49ED9C0D2A2B362900481BDB = {
			isa = PBXGroup;
			children = (
				491A8BC62C288FBE001F6BDE /* Liftoff */,
				49ED9C172A2B362900481BDB /* Products */,
				4975BF1E2A2D86F30093C029 /* Frameworks */,
			);
			sourceTree = "<group>";
		};
		49ED9C172A2B362900481BDB /* Products */ = {
			isa = PBXGroup;
			children = (
				49ED9C162A2B362900481BDB /* Liftoff.app */,
			);
			name = Products;
			sourceTree = "<group>";
		};
/* End PBXGroup section */

/* Begin PBXNativeTarget section */
		49ED9C152A2B362900481BDB /* Liftoff */ = {
			isa = PBXNativeTarget;
			buildConfigurationList = 49ED9C242A2B362B00481BDB /* Build configuration list for PBXNativeTarget "Liftoff" */;
			buildPhases = (
				49ED9C122A2B362900481BDB /* Sources */,
				49ED9C132A2B362900481BDB /* Frameworks */,
				49ED9C142A2B362900481BDB /* Resources */,
			);
			buildRules = (
			);
			dependencies = (
			);
			name = Liftoff;
			productName = X;
			productReference = 49ED9C162A2B362900481BDB /* Liftoff.app */;
			productType = "com.apple.product-type.application";
		};
/* End PBXNativeTarget section */

/* Begin PBXProject section */
		49ED9C0E2A2B362900481BDB /* Project object */ = {
			isa = PBXProject;
			attributes = {
				BuildIndependentTargetsInParallel = 1;
				LastSwiftUpdateCheck = 1430;
				LastUpgradeCheck = 1430;
				TargetAttributes = {
					49ED9C152A2B362900481BDB = {
						CreatedOnToolsVersion = 14.3.1;
					};
				};
			};
			buildConfigurationList = 49ED9C112A2B362900481BDB /* Build configuration list for PBXProject "Liftoff" */;
			compatibilityVersion = "Xcode 14.0";
			developmentRegion = en;
			hasScannedForEncodings = 0;
			knownRegions = (
				en,
				Base,
			);
			mainGroup = 49ED9C0D2A2B362900481BDB;
			productRefGroup = 49ED9C172A2B362900481BDB /* Products */;
			projectDirPath = "";
			projectRoot = "";
			targets = (
				49ED9C152A2B362900481BDB /* Liftoff */,
			);
		};
/* End PBXProject section */

/* Begin PBXResourcesBuildPhase section */
		49ED9C142A2B362900481BDB /* Resources */ = {
			isa = PBXResourcesBuildPhase;
			buildActionMask = 2147483647;
			files = (
				491A8BFD2C288FBE001F6BDE /* recipes.json in Resources */,
				491A8BC82C288FBE001F6BDE /* BookData.json in Resources */,
				491A8C192C288FBE001F6BDE /* Assets.xcassets in Resources */,
				491A8BEF2C288FBE001F6BDE /* data.json in Resources */,
				491A8BFC2C288FBE001F6BDE /* Preview Assets.xcassets in Resources */,
				491A8BD12C288FBE001F6BDE /* CarData.json in Resources */,
				491A8BF02C288FBE001F6BDE /* style.html in Resources */,
			);
			runOnlyForDeploymentPostprocessing = 0;
		};
/* End PBXResourcesBuildPhase section */

/* Begin PBXSourcesBuildPhase section */
		49ED9C122A2B362900481BDB /* Sources */ = {
			isa = PBXSourcesBuildPhase;
			buildActionMask = 2147483647;
			files = (
				491A8C142C288FBE001F6BDE /* WindTileView.swift in Sources */,
				491A8C062C288FBE001F6BDE /* RecipeDetailView.swift in Sources */,
				491A8C172C288FBE001F6BDE /* WeatherView.swift in Sources */,
				491A8BCA2C288FBE001F6BDE /* BookBackButton.swift in Sources */,
				491A8C182C288FBE001F6BDE /* WeatherWidgetView.swift in Sources */,
				491A8C002C288FBE001F6BDE /* RecipeModel.swift in Sources */,
				491A8BF92C288FBE001F6BDE /* LessonCardView.swift in Sources */,
				491A8C032C288FBE001F6BDE /* IngredientCheckView.swift in Sources */,
				491A8BEA2C288FBE001F6BDE /* MediaPlaybackView.swift in Sources */,
				491A8C122C288FBE001F6BDE /* TemperatureTileView.swift in Sources */,
				491A8C1A2C288FBE001F6BDE /* Liftoff.swift in Sources */,
				493EF8332C484C750041AD01 /* AddRecipeView.swift in Sources */,
				493EF8342C484C750041AD01 /* RecipeSettingsView.swift in Sources */,
				491A8BF32C288FBE001F6BDE /* CodeTextView.swift in Sources */,
				491A8BED2C288FBE001F6BDE /* Models.swift in Sources */,
				491A8C162C288FBE001F6BDE /* WeatherMainView.swift in Sources */,
				491A8BDA2C288FBE001F6BDE /* DiceRoller.swift in Sources */,
				491A8C0C2C288FBE001F6BDE /* WPService.swift in Sources */,
				491A8BFA2C288FBE001F6BDE /* TestCardView.swift in Sources */,
				491A8BE82C288FBE001F6BDE /* LauncherView.swift in Sources */,
				491A8BCF2C288FBE001F6BDE /* BookSettingView.swift in Sources */,
				491A8BD02C288FBE001F6BDE /* ReaderView.swift in Sources */,
				491A8BFF2C288FBE001F6BDE /* RecipeService.swift in Sources */,
				491A8BD42C288FBE001F6BDE /* CarCardView.swift in Sources */,
				491A8C0A2C288FBE001F6BDE /* NavigationService.swift in Sources */,
				491A8BD32C288FBE001F6BDE /* Car.swift in Sources */,
				491A8C112C288FBE001F6BDE /* SunriseTileView.swift in Sources */,
				491A8BF52C288FBE001F6BDE /* ContentView.swift in Sources */,
				491A8C052C288FBE001F6BDE /* RecipeCardView.swift in Sources */,
				491A8BCE2C288FBE001F6BDE /* BookPreview.swift in Sources */,
				491A8C012C288FBE001F6BDE /* FavouriteView.swift in Sources */,
				491A8BCD2C288FBE001F6BDE /* BookListView.swift in Sources */,
				491A8BD62C288FBE001F6BDE /* CarDetailView.swift in Sources */,
				491A8BEB2C288FBE001F6BDE /* SettingsMasterView.swift in Sources */,
				491A8C0B2C288FBE001F6BDE /* ReverseMask.swift in Sources */,
				491A8C082C288FBE001F6BDE /* RecipeTabView.swift in Sources */,
				491A8BE72C288FBE001F6BDE /* HomeButton.swift in Sources */,
				491A8BCB2C288FBE001F6BDE /* BookModel.swift in Sources */,
				491A8C072C288FBE001F6BDE /* RecipeListView.swift in Sources */,
				491A8BE22C288FBE001F6BDE /* GameModel.swift in Sources */,
				491A8BFB2C288FBE001F6BDE /* TestView.swift in Sources */,
				491A8BD52C288FBE001F6BDE /* CarDetailsListView.swift in Sources */,
				491A8BDB2C288FBE001F6BDE /* DiceWarView.swift in Sources */,
				491A8BE42C288FBE001F6BDE /* GameCardView.swift in Sources */,
				491A8BF12C288FBE001F6BDE /* ContentModel.swift in Sources */,
				491A8BE92C288FBE001F6BDE /* MapView.swift in Sources */,
				491A8C092C288FBE001F6BDE /* ColourService.swift in Sources */,
				491A8BC92C288FBE001F6BDE /* BookService.swift in Sources */,
				491A8BF22C288FBE001F6BDE /* ButtonBackgroundView.swift in Sources */,
				491A8C1B2C288FBE001F6BDE /* Private.swift in Sources */,
				491A8C102C288FBE001F6BDE /* PrecipitationTileView.swift in Sources */,
				491A8BDD2C288FBE001F6BDE /* WarView.swift in Sources */,
				491A8BD92C288FBE001F6BDE /* CardFlipperView.swift in Sources */,
				491A8BD72C288FBE001F6BDE /* CarListView.swift in Sources */,
				491A8C152C288FBE001F6BDE /* WeatherIcon.swift in Sources */,
				491A8BF72C288FBE001F6BDE /* HomeView.swift in Sources */,
				491A8BFE2C288FBE001F6BDE /* Recipe.swift in Sources */,
				491A8BE62C288FBE001F6BDE /* AppButton.swift in Sources */,
				491A8BE02C288FBE001F6BDE /* Game.swift in Sources */,
				491A8BEE2C288FBE001F6BDE /* Constants.swift in Sources */,
				491A8C132C288FBE001F6BDE /* UviTileView.swift in Sources */,
				491A8BD22C288FBE001F6BDE /* CarService.swift in Sources */,
				491A8BC72C288FBE001F6BDE /* Book.swift in Sources */,
				491A8BE32C288FBE001F6BDE /* CasinoView.swift in Sources */,
				491A8C0E2C288FBE001F6BDE /* WeatherModel.swift in Sources */,
				491A8BDF2C288FBE001F6BDE /* DiceType.swift in Sources */,
				491A8C022C288FBE001F6BDE /* imageView.swift in Sources */,
				491A8BCC2C288FBE001F6BDE /* BookDetailView.swift in Sources */,
				491A8BE12C288FBE001F6BDE /* DiceUIService.swift in Sources */,
				491A8BF42C288FBE001F6BDE /* ContentDetailView.swift in Sources */,
				491A8BD82C288FBE001F6BDE /* CarModel.swift in Sources */,
				491A8BDC2C288FBE001F6BDE /* SlotView.swift in Sources */,
				491A8C042C288FBE001F6BDE /* RandomView.swift in Sources */,
				491A8BF62C288FBE001F6BDE /* ContentViewRow.swift in Sources */,
				491A8BF82C288FBE001F6BDE /* LearningCardView.swift in Sources */,
				491A8BE52C288FBE001F6BDE /* GameSettingsView.swift in Sources */,
				491A8C0D2C288FBE001F6BDE /* WeatherData.swift in Sources */,
				491A8BEC2C288FBE001F6BDE /* WebClipView.swift in Sources */,
				491A8BDE2C288FBE001F6BDE /* CardType.swift in Sources */,
			);
			runOnlyForDeploymentPostprocessing = 0;
		};
/* End PBXSourcesBuildPhase section */

/* Begin XCBuildConfiguration section */
		49ED9C222A2B362B00481BDB /* Debug */ = {
			isa = XCBuildConfiguration;
			buildSettings = {
				ALWAYS_SEARCH_USER_PATHS = NO;
				CLANG_ANALYZER_NONNULL = YES;
				CLANG_ANALYZER_NUMBER_OBJECT_CONVERSION = YES_AGGRESSIVE;
				CLANG_CXX_LANGUAGE_STANDARD = "gnu++20";
				CLANG_ENABLE_MODULES = YES;
				CLANG_ENABLE_OBJC_ARC = YES;
				CLANG_ENABLE_OBJC_WEAK = YES;
				CLANG_WARN_BLOCK_CAPTURE_AUTORELEASING = YES;
				CLANG_WARN_BOOL_CONVERSION = YES;
				CLANG_WARN_COMMA = YES;
				CLANG_WARN_CONSTANT_CONVERSION = YES;
				CLANG_WARN_DEPRECATED_OBJC_IMPLEMENTATIONS = YES;
				CLANG_WARN_DIRECT_OBJC_ISA_USAGE = YES_ERROR;
				CLANG_WARN_DOCUMENTATION_COMMENTS = YES;
				CLANG_WARN_EMPTY_BODY = YES;
				CLANG_WARN_ENUM_CONVERSION = YES;
				CLANG_WARN_INFINITE_RECURSION = YES;
				CLANG_WARN_INT_CONVERSION = YES;
				CLANG_WARN_NON_LITERAL_NULL_CONVERSION = YES;
				CLANG_WARN_OBJC_IMPLICIT_RETAIN_SELF = YES;
				CLANG_WARN_OBJC_LITERAL_CONVERSION = YES;
				CLANG_WARN_OBJC_ROOT_CLASS = YES_ERROR;
				CLANG_WARN_QUOTED_INCLUDE_IN_FRAMEWORK_HEADER = YES;
				CLANG_WARN_RANGE_LOOP_ANALYSIS = YES;
				CLANG_WARN_STRICT_PROTOTYPES = YES;
				CLANG_WARN_SUSPICIOUS_MOVE = YES;
				CLANG_WARN_UNGUARDED_AVAILABILITY = YES_AGGRESSIVE;
				CLANG_WARN_UNREACHABLE_CODE = YES;
				CLANG_WARN__DUPLICATE_METHOD_MATCH = YES;
				COPY_PHASE_STRIP = NO;
				DEBUG_INFORMATION_FORMAT = dwarf;
				ENABLE_STRICT_OBJC_MSGSEND = YES;
				ENABLE_TESTABILITY = YES;
				GCC_C_LANGUAGE_STANDARD = gnu11;
				GCC_DYNAMIC_NO_PIC = NO;
				GCC_NO_COMMON_BLOCKS = YES;
				GCC_OPTIMIZATION_LEVEL = 0;
				GCC_PREPROCESSOR_DEFINITIONS = (
					"DEBUG=1",
					"$(inherited)",
				);
				GCC_WARN_64_TO_32_BIT_CONVERSION = YES;
				GCC_WARN_ABOUT_RETURN_TYPE = YES_ERROR;
				GCC_WARN_UNDECLARED_SELECTOR = YES;
				GCC_WARN_UNINITIALIZED_AUTOS = YES_AGGRESSIVE;
				GCC_WARN_UNUSED_FUNCTION = YES;
				GCC_WARN_UNUSED_VARIABLE = YES;
				IPHONEOS_DEPLOYMENT_TARGET = 16.4;
				MTL_ENABLE_DEBUG_INFO = INCLUDE_SOURCE;
				MTL_FAST_MATH = YES;
				ONLY_ACTIVE_ARCH = YES;
				SDKROOT = iphoneos;
				SWIFT_ACTIVE_COMPILATION_CONDITIONS = DEBUG;
				SWIFT_OPTIMIZATION_LEVEL = "-Onone";
			};
			name = Debug;
		};
		49ED9C232A2B362B00481BDB /* Release */ = {
			isa = XCBuildConfiguration;
			buildSettings = {
				ALWAYS_SEARCH_USER_PATHS = NO;
				CLANG_ANALYZER_NONNULL = YES;
				CLANG_ANALYZER_NUMBER_OBJECT_CONVERSION = YES_AGGRESSIVE;
				CLANG_CXX_LANGUAGE_STANDARD = "gnu++20";
				CLANG_ENABLE_MODULES = YES;
				CLANG_ENABLE_OBJC_ARC = YES;
				CLANG_ENABLE_OBJC_WEAK = YES;
				CLANG_WARN_BLOCK_CAPTURE_AUTORELEASING = YES;
				CLANG_WARN_BOOL_CONVERSION = YES;
				CLANG_WARN_COMMA = YES;
				CLANG_WARN_CONSTANT_CONVERSION = YES;
				CLANG_WARN_DEPRECATED_OBJC_IMPLEMENTATIONS = YES;
				CLANG_WARN_DIRECT_OBJC_ISA_USAGE = YES_ERROR;
				CLANG_WARN_DOCUMENTATION_COMMENTS = YES;
				CLANG_WARN_EMPTY_BODY = YES;
				CLANG_WARN_ENUM_CONVERSION = YES;
				CLANG_WARN_INFINITE_RECURSION = YES;
				CLANG_WARN_INT_CONVERSION = YES;
				CLANG_WARN_NON_LITERAL_NULL_CONVERSION = YES;
				CLANG_WARN_OBJC_IMPLICIT_RETAIN_SELF = YES;
				CLANG_WARN_OBJC_LITERAL_CONVERSION = YES;
				CLANG_WARN_OBJC_ROOT_CLASS = YES_ERROR;
				CLANG_WARN_QUOTED_INCLUDE_IN_FRAMEWORK_HEADER = YES;
				CLANG_WARN_RANGE_LOOP_ANALYSIS = YES;
				CLANG_WARN_STRICT_PROTOTYPES = YES;
				CLANG_WARN_SUSPICIOUS_MOVE = YES;
				CLANG_WARN_UNGUARDED_AVAILABILITY = YES_AGGRESSIVE;
				CLANG_WARN_UNREACHABLE_CODE = YES;
				CLANG_WARN__DUPLICATE_METHOD_MATCH = YES;
				COPY_PHASE_STRIP = NO;
				DEBUG_INFORMATION_FORMAT = "dwarf-with-dsym";
				ENABLE_NS_ASSERTIONS = NO;
				ENABLE_STRICT_OBJC_MSGSEND = YES;
				GCC_C_LANGUAGE_STANDARD = gnu11;
				GCC_NO_COMMON_BLOCKS = YES;
				GCC_WARN_64_TO_32_BIT_CONVERSION = YES;
				GCC_WARN_ABOUT_RETURN_TYPE = YES_ERROR;
				GCC_WARN_UNDECLARED_SELECTOR = YES;
				GCC_WARN_UNINITIALIZED_AUTOS = YES_AGGRESSIVE;
				GCC_WARN_UNUSED_FUNCTION = YES;
				GCC_WARN_UNUSED_VARIABLE = YES;
				IPHONEOS_DEPLOYMENT_TARGET = 16.4;
				MTL_ENABLE_DEBUG_INFO = NO;
				MTL_FAST_MATH = YES;
				SDKROOT = iphoneos;
				SWIFT_COMPILATION_MODE = wholemodule;
				SWIFT_OPTIMIZATION_LEVEL = "-O";
				VALIDATE_PRODUCT = YES;
			};
			name = Release;
		};
		49ED9C252A2B362B00481BDB /* Debug */ = {
			isa = XCBuildConfiguration;
			buildSettings = {
				ASSETCATALOG_COMPILER_APPICON_NAME = AppIcon;
				ASSETCATALOG_COMPILER_GLOBAL_ACCENT_COLOR_NAME = AccentColor;
				ASSETCATALOG_COMPILER_INCLUDE_ALL_APPICON_ASSETS = YES;
				CODE_SIGN_STYLE = Automatic;
				CURRENT_PROJECT_VERSION = 1;
				DEVELOPMENT_ASSET_PATHS = "\"Liftoff/Preview Content\"";
				DEVELOPMENT_TEAM = 9HYHPGABX4;
				ENABLE_PREVIEWS = YES;
				GENERATE_INFOPLIST_FILE = YES;
				INFOPLIST_KEY_CFBundleDisplayName = Liftoff;
				INFOPLIST_KEY_UIApplicationSceneManifest_Generation = YES;
				INFOPLIST_KEY_UIApplicationSupportsIndirectInputEvents = YES;
				INFOPLIST_KEY_UILaunchScreen_Generation = YES;
				INFOPLIST_KEY_UISupportedInterfaceOrientations = "UIInterfaceOrientationLandscapeLeft UIInterfaceOrientationLandscapeRight UIInterfaceOrientationPortrait";
				INFOPLIST_KEY_UISupportedInterfaceOrientations_iPad = "UIInterfaceOrientationLandscapeLeft UIInterfaceOrientationLandscapeRight UIInterfaceOrientationPortrait UIInterfaceOrientationPortraitUpsideDown";
				LD_RUNPATH_SEARCH_PATHS = (
					"$(inherited)",
					"@executable_path/Frameworks",
				);
				MARKETING_VERSION = 1.0;
				PRODUCT_BUNDLE_IDENTIFIER = com.andrew.liftoff;
				PRODUCT_NAME = "$(TARGET_NAME)";
				SWIFT_EMIT_LOC_STRINGS = YES;
				SWIFT_VERSION = 5.0;
				TARGETED_DEVICE_FAMILY = "1,2";
			};
			name = Debug;
		};
		49ED9C262A2B362B00481BDB /* Release */ = {
			isa = XCBuildConfiguration;
			buildSettings = {
				ASSETCATALOG_COMPILER_APPICON_NAME = AppIcon;
				ASSETCATALOG_COMPILER_GLOBAL_ACCENT_COLOR_NAME = AccentColor;
				ASSETCATALOG_COMPILER_INCLUDE_ALL_APPICON_ASSETS = YES;
				CODE_SIGN_STYLE = Automatic;
				CURRENT_PROJECT_VERSION = 1;
				DEVELOPMENT_ASSET_PATHS = "\"Liftoff/Preview Content\"";
				DEVELOPMENT_TEAM = 9HYHPGABX4;
				ENABLE_PREVIEWS = YES;
				GENERATE_INFOPLIST_FILE = YES;
				INFOPLIST_KEY_CFBundleDisplayName = Liftoff;
				INFOPLIST_KEY_UIApplicationSceneManifest_Generation = YES;
				INFOPLIST_KEY_UIApplicationSupportsIndirectInputEvents = YES;
				INFOPLIST_KEY_UILaunchScreen_Generation = YES;
				INFOPLIST_KEY_UISupportedInterfaceOrientations = "UIInterfaceOrientationLandscapeLeft UIInterfaceOrientationLandscapeRight UIInterfaceOrientationPortrait";
				INFOPLIST_KEY_UISupportedInterfaceOrientations_iPad = "UIInterfaceOrientationLandscapeLeft UIInterfaceOrientationLandscapeRight UIInterfaceOrientationPortrait UIInterfaceOrientationPortraitUpsideDown";
				LD_RUNPATH_SEARCH_PATHS = (
					"$(inherited)",
					"@executable_path/Frameworks",
				);
				MARKETING_VERSION = 1.0;
				PRODUCT_BUNDLE_IDENTIFIER = com.andrew.liftoff;
				PRODUCT_NAME = "$(TARGET_NAME)";
				SWIFT_EMIT_LOC_STRINGS = YES;
				SWIFT_VERSION = 5.0;
				TARGETED_DEVICE_FAMILY = "1,2";
			};
			name = Release;
		};
/* End XCBuildConfiguration section */

/* Begin XCConfigurationList section */
		49ED9C112A2B362900481BDB /* Build configuration list for PBXProject "Liftoff" */ = {
			isa = XCConfigurationList;
			buildConfigurations = (
				49ED9C222A2B362B00481BDB /* Debug */,
				49ED9C232A2B362B00481BDB /* Release */,
			);
			defaultConfigurationIsVisible = 0;
			defaultConfigurationName = Release;
		};
		49ED9C242A2B362B00481BDB /* Build configuration list for PBXNativeTarget "Liftoff" */ = {
			isa = XCConfigurationList;
			buildConfigurations = (
				49ED9C252A2B362B00481BDB /* Debug */,
				49ED9C262A2B362B00481BDB /* Release */,
			);
			defaultConfigurationIsVisible = 0;
			defaultConfigurationName = Release;
		};
/* End XCConfigurationList section */
	};
	rootObject = 49ED9C0E2A2B362900481BDB /* Project object */;
}
